// !$*UTF8*$!
{
	archiveVersion = 1;
	classes = {
	};
	objectVersion = 55;
	objects = {

/* Begin PBXBuildFile section */
		4D049C0628FBC96100BF36C0 /* CommentCell.swift in Sources */ = {isa = PBXBuildFile; fileRef = 4D049C0528FBC96100BF36C0 /* CommentCell.swift */; };
		4D89165828F3C7FA00D2EBB4 /* AppDelegate.swift in Sources */ = {isa = PBXBuildFile; fileRef = 4D89165728F3C7FA00D2EBB4 /* AppDelegate.swift */; };
		4D89165A28F3C7FA00D2EBB4 /* SceneDelegate.swift in Sources */ = {isa = PBXBuildFile; fileRef = 4D89165928F3C7FA00D2EBB4 /* SceneDelegate.swift */; };
		4D89165F28F3C7FA00D2EBB4 /* Main.storyboard in Resources */ = {isa = PBXBuildFile; fileRef = 4D89165D28F3C7FA00D2EBB4 /* Main.storyboard */; };
		4D89166128F3C7FF00D2EBB4 /* Assets.xcassets in Resources */ = {isa = PBXBuildFile; fileRef = 4D89166028F3C7FF00D2EBB4 /* Assets.xcassets */; };
		4D89166428F3C7FF00D2EBB4 /* LaunchScreen.storyboard in Resources */ = {isa = PBXBuildFile; fileRef = 4D89166228F3C7FF00D2EBB4 /* LaunchScreen.storyboard */; };
		4D89166F28F3C80000D2EBB4 /* InstagramTests.swift in Sources */ = {isa = PBXBuildFile; fileRef = 4D89166E28F3C80000D2EBB4 /* InstagramTests.swift */; };
		4D89167928F3C80000D2EBB4 /* InstagramUITests.swift in Sources */ = {isa = PBXBuildFile; fileRef = 4D89167828F3C80000D2EBB4 /* InstagramUITests.swift */; };
		4D89167B28F3C80000D2EBB4 /* InstagramUITestsLaunchTests.swift in Sources */ = {isa = PBXBuildFile; fileRef = 4D89167A28F3C80000D2EBB4 /* InstagramUITestsLaunchTests.swift */; };
		4D89168828F3CEF400D2EBB4 /* LoginViewController.swift in Sources */ = {isa = PBXBuildFile; fileRef = 4D89168728F3CEF400D2EBB4 /* LoginViewController.swift */; };
		4D89168A28F3CF0100D2EBB4 /* FeedViewController.swift in Sources */ = {isa = PBXBuildFile; fileRef = 4D89168928F3CF0100D2EBB4 /* FeedViewController.swift */; };
		4D89168E28F3DC9D00D2EBB4 /* CameraViewController.swift in Sources */ = {isa = PBXBuildFile; fileRef = 4D89168D28F3DC9D00D2EBB4 /* CameraViewController.swift */; };
		4D89169028F3E6F700D2EBB4 /* PostCell.swift in Sources */ = {isa = PBXBuildFile; fileRef = 4D89168F28F3E6F700D2EBB4 /* PostCell.swift */; };
		C979CC739798970426FADF70 /* Pods_InstagramTests.framework in Frameworks */ = {isa = PBXBuildFile; fileRef = 408BFD2101219EF0D926B486 /* Pods_InstagramTests.framework */; };
		EB215D872D4F4AA06BCD660E /* Pods_Instagram_InstagramUITests.framework in Frameworks */ = {isa = PBXBuildFile; fileRef = F20932E6F4F990143F825F9A /* Pods_Instagram_InstagramUITests.framework */; };
		FF08FF37E657293A1734343C /* Pods_Instagram.framework in Frameworks */ = {isa = PBXBuildFile; fileRef = 3A99D272C35EF5EAADDA2C3B /* Pods_Instagram.framework */; };
/* End PBXBuildFile section */

/* Begin PBXContainerItemProxy section */
		4D89166B28F3C80000D2EBB4 /* PBXContainerItemProxy */ = {
			isa = PBXContainerItemProxy;
			containerPortal = 4D89164C28F3C7F900D2EBB4 /* Project object */;
			proxyType = 1;
			remoteGlobalIDString = 4D89165328F3C7F900D2EBB4;
			remoteInfo = Instagram;
		};
		4D89167528F3C80000D2EBB4 /* PBXContainerItemProxy */ = {
			isa = PBXContainerItemProxy;
			containerPortal = 4D89164C28F3C7F900D2EBB4 /* Project object */;
			proxyType = 1;
			remoteGlobalIDString = 4D89165328F3C7F900D2EBB4;
			remoteInfo = Instagram;
		};
/* End PBXContainerItemProxy section */

/* Begin PBXFileReference section */
		0FE104C1F888E47414CC6805 /* Pods-InstagramTests.release.xcconfig */ = {isa = PBXFileReference; includeInIndex = 1; lastKnownFileType = text.xcconfig; name = "Pods-InstagramTests.release.xcconfig"; path = "Target Support Files/Pods-InstagramTests/Pods-InstagramTests.release.xcconfig"; sourceTree = "<group>"; };
		3A99D272C35EF5EAADDA2C3B /* Pods_Instagram.framework */ = {isa = PBXFileReference; explicitFileType = wrapper.framework; includeInIndex = 0; path = Pods_Instagram.framework; sourceTree = BUILT_PRODUCTS_DIR; };
		408BFD2101219EF0D926B486 /* Pods_InstagramTests.framework */ = {isa = PBXFileReference; explicitFileType = wrapper.framework; includeInIndex = 0; path = Pods_InstagramTests.framework; sourceTree = BUILT_PRODUCTS_DIR; };
		4D049C0528FBC96100BF36C0 /* CommentCell.swift */ = {isa = PBXFileReference; lastKnownFileType = sourcecode.swift; path = CommentCell.swift; sourceTree = "<group>"; };
		4D89165428F3C7FA00D2EBB4 /* Instagram.app */ = {isa = PBXFileReference; explicitFileType = wrapper.application; includeInIndex = 0; path = Instagram.app; sourceTree = BUILT_PRODUCTS_DIR; };
		4D89165728F3C7FA00D2EBB4 /* AppDelegate.swift */ = {isa = PBXFileReference; lastKnownFileType = sourcecode.swift; path = AppDelegate.swift; sourceTree = "<group>"; };
		4D89165928F3C7FA00D2EBB4 /* SceneDelegate.swift */ = {isa = PBXFileReference; lastKnownFileType = sourcecode.swift; path = SceneDelegate.swift; sourceTree = "<group>"; };
		4D89165E28F3C7FA00D2EBB4 /* Base */ = {isa = PBXFileReference; lastKnownFileType = file.storyboard; name = Base; path = Base.lproj/Main.storyboard; sourceTree = "<group>"; };
		4D89166028F3C7FF00D2EBB4 /* Assets.xcassets */ = {isa = PBXFileReference; lastKnownFileType = folder.assetcatalog; path = Assets.xcassets; sourceTree = "<group>"; };
		4D89166328F3C7FF00D2EBB4 /* Base */ = {isa = PBXFileReference; lastKnownFileType = file.storyboard; name = Base; path = Base.lproj/LaunchScreen.storyboard; sourceTree = "<group>"; };
		4D89166528F3C7FF00D2EBB4 /* Info.plist */ = {isa = PBXFileReference; lastKnownFileType = text.plist.xml; path = Info.plist; sourceTree = "<group>"; };
		4D89166A28F3C80000D2EBB4 /* InstagramTests.xctest */ = {isa = PBXFileReference; explicitFileType = wrapper.cfbundle; includeInIndex = 0; path = InstagramTests.xctest; sourceTree = BUILT_PRODUCTS_DIR; };
		4D89166E28F3C80000D2EBB4 /* InstagramTests.swift */ = {isa = PBXFileReference; lastKnownFileType = sourcecode.swift; path = InstagramTests.swift; sourceTree = "<group>"; };
		4D89167428F3C80000D2EBB4 /* InstagramUITests.xctest */ = {isa = PBXFileReference; explicitFileType = wrapper.cfbundle; includeInIndex = 0; path = InstagramUITests.xctest; sourceTree = BUILT_PRODUCTS_DIR; };
		4D89167828F3C80000D2EBB4 /* InstagramUITests.swift */ = {isa = PBXFileReference; lastKnownFileType = sourcecode.swift; path = InstagramUITests.swift; sourceTree = "<group>"; };
		4D89167A28F3C80000D2EBB4 /* InstagramUITestsLaunchTests.swift */ = {isa = PBXFileReference; lastKnownFileType = sourcecode.swift; path = InstagramUITestsLaunchTests.swift; sourceTree = "<group>"; };
		4D89168728F3CEF400D2EBB4 /* LoginViewController.swift */ = {isa = PBXFileReference; lastKnownFileType = sourcecode.swift; path = LoginViewController.swift; sourceTree = "<group>"; };
		4D89168928F3CF0100D2EBB4 /* FeedViewController.swift */ = {isa = PBXFileReference; lastKnownFileType = sourcecode.swift; path = FeedViewController.swift; sourceTree = "<group>"; };
		4D89168D28F3DC9D00D2EBB4 /* CameraViewController.swift */ = {isa = PBXFileReference; lastKnownFileType = sourcecode.swift; path = CameraViewController.swift; sourceTree = "<group>"; };
		4D89168F28F3E6F700D2EBB4 /* PostCell.swift */ = {isa = PBXFileReference; lastKnownFileType = sourcecode.swift; path = PostCell.swift; sourceTree = "<group>"; };
		5DB1200344AB8BBFEC5D72EE /* Pods-Instagram-InstagramUITests.release.xcconfig */ = {isa = PBXFileReference; includeInIndex = 1; lastKnownFileType = text.xcconfig; name = "Pods-Instagram-InstagramUITests.release.xcconfig"; path = "Target Support Files/Pods-Instagram-InstagramUITests/Pods-Instagram-InstagramUITests.release.xcconfig"; sourceTree = "<group>"; };
		767224B7C125146255F26263 /* Pods-Instagram.debug.xcconfig */ = {isa = PBXFileReference; includeInIndex = 1; lastKnownFileType = text.xcconfig; name = "Pods-Instagram.debug.xcconfig"; path = "Target Support Files/Pods-Instagram/Pods-Instagram.debug.xcconfig"; sourceTree = "<group>"; };
		9173B93F1DAA4A70C8DCF086 /* Pods-Instagram.release.xcconfig */ = {isa = PBXFileReference; includeInIndex = 1; lastKnownFileType = text.xcconfig; name = "Pods-Instagram.release.xcconfig"; path = "Target Support Files/Pods-Instagram/Pods-Instagram.release.xcconfig"; sourceTree = "<group>"; };
		AFADA7816C3B047EE34C59A8 /* Pods-Instagram-InstagramUITests.debug.xcconfig */ = {isa = PBXFileReference; includeInIndex = 1; lastKnownFileType = text.xcconfig; name = "Pods-Instagram-InstagramUITests.debug.xcconfig"; path = "Target Support Files/Pods-Instagram-InstagramUITests/Pods-Instagram-InstagramUITests.debug.xcconfig"; sourceTree = "<group>"; };
		B700E2950BA045E5F89A7200 /* Pods-InstagramTests.debug.xcconfig */ = {isa = PBXFileReference; includeInIndex = 1; lastKnownFileType = text.xcconfig; name = "Pods-InstagramTests.debug.xcconfig"; path = "Target Support Files/Pods-InstagramTests/Pods-InstagramTests.debug.xcconfig"; sourceTree = "<group>"; };
		F20932E6F4F990143F825F9A /* Pods_Instagram_InstagramUITests.framework */ = {isa = PBXFileReference; explicitFileType = wrapper.framework; includeInIndex = 0; path = Pods_Instagram_InstagramUITests.framework; sourceTree = BUILT_PRODUCTS_DIR; };
/* End PBXFileReference section */

/* Begin PBXFrameworksBuildPhase section */
		4D89165128F3C7F900D2EBB4 /* Frameworks */ = {
			isa = PBXFrameworksBuildPhase;
			buildActionMask = 2147483647;
			files = (
				FF08FF37E657293A1734343C /* Pods_Instagram.framework in Frameworks */,
			);
			runOnlyForDeploymentPostprocessing = 0;
		};
		4D89166728F3C80000D2EBB4 /* Frameworks */ = {
			isa = PBXFrameworksBuildPhase;
			buildActionMask = 2147483647;
			files = (
				C979CC739798970426FADF70 /* Pods_InstagramTests.framework in Frameworks */,
			);
			runOnlyForDeploymentPostprocessing = 0;
		};
		4D89167128F3C80000D2EBB4 /* Frameworks */ = {
			isa = PBXFrameworksBuildPhase;
			buildActionMask = 2147483647;
			files = (
				EB215D872D4F4AA06BCD660E /* Pods_Instagram_InstagramUITests.framework in Frameworks */,
			);
			runOnlyForDeploymentPostprocessing = 0;
		};
/* End PBXFrameworksBuildPhase section */

/* Begin PBXGroup section */
		28D0BF791D51D80138113282 /* Pods */ = {
			isa = PBXGroup;
			children = (
				767224B7C125146255F26263 /* Pods-Instagram.debug.xcconfig */,
				9173B93F1DAA4A70C8DCF086 /* Pods-Instagram.release.xcconfig */,
				AFADA7816C3B047EE34C59A8 /* Pods-Instagram-InstagramUITests.debug.xcconfig */,
				5DB1200344AB8BBFEC5D72EE /* Pods-Instagram-InstagramUITests.release.xcconfig */,
				B700E2950BA045E5F89A7200 /* Pods-InstagramTests.debug.xcconfig */,
				0FE104C1F888E47414CC6805 /* Pods-InstagramTests.release.xcconfig */,
			);
			path = Pods;
			sourceTree = "<group>";
		};
		294E2889719D5FB07B4FEA88 /* Frameworks */ = {
			isa = PBXGroup;
			children = (
				3A99D272C35EF5EAADDA2C3B /* Pods_Instagram.framework */,
				F20932E6F4F990143F825F9A /* Pods_Instagram_InstagramUITests.framework */,
				408BFD2101219EF0D926B486 /* Pods_InstagramTests.framework */,
			);
			name = Frameworks;
			sourceTree = "<group>";
		};
		4D89164B28F3C7F900D2EBB4 = {
			isa = PBXGroup;
			children = (
				4D89165628F3C7FA00D2EBB4 /* Instagram */,
				4D89166D28F3C80000D2EBB4 /* InstagramTests */,
				4D89167728F3C80000D2EBB4 /* InstagramUITests */,
				4D89165528F3C7FA00D2EBB4 /* Products */,
				28D0BF791D51D80138113282 /* Pods */,
				294E2889719D5FB07B4FEA88 /* Frameworks */,
			);
			sourceTree = "<group>";
		};
		4D89165528F3C7FA00D2EBB4 /* Products */ = {
			isa = PBXGroup;
			children = (
				4D89165428F3C7FA00D2EBB4 /* Instagram.app */,
				4D89166A28F3C80000D2EBB4 /* InstagramTests.xctest */,
				4D89167428F3C80000D2EBB4 /* InstagramUITests.xctest */,
			);
			name = Products;
			sourceTree = "<group>";
		};
		4D89165628F3C7FA00D2EBB4 /* Instagram */ = {
			isa = PBXGroup;
			children = (
				4D89165728F3C7FA00D2EBB4 /* AppDelegate.swift */,
				4D89165928F3C7FA00D2EBB4 /* SceneDelegate.swift */,
				4D89165D28F3C7FA00D2EBB4 /* Main.storyboard */,
				4D89168728F3CEF400D2EBB4 /* LoginViewController.swift */,
				4D049C0528FBC96100BF36C0 /* CommentCell.swift */,
				4D89168F28F3E6F700D2EBB4 /* PostCell.swift */,
				4D89166028F3C7FF00D2EBB4 /* Assets.xcassets */,
				4D89168D28F3DC9D00D2EBB4 /* CameraViewController.swift */,
				4D89168928F3CF0100D2EBB4 /* FeedViewController.swift */,
				4D89166228F3C7FF00D2EBB4 /* LaunchScreen.storyboard */,
				4D89166528F3C7FF00D2EBB4 /* Info.plist */,
			);
			path = Instagram;
			sourceTree = "<group>";
		};
		4D89166D28F3C80000D2EBB4 /* InstagramTests */ = {
			isa = PBXGroup;
			children = (
				4D89166E28F3C80000D2EBB4 /* InstagramTests.swift */,
			);
			path = InstagramTests;
			sourceTree = "<group>";
		};
		4D89167728F3C80000D2EBB4 /* InstagramUITests */ = {
			isa = PBXGroup;
			children = (
				4D89167828F3C80000D2EBB4 /* InstagramUITests.swift */,
				4D89167A28F3C80000D2EBB4 /* InstagramUITestsLaunchTests.swift */,
			);
			path = InstagramUITests;
			sourceTree = "<group>";
		};
/* End PBXGroup section */

/* Begin PBXNativeTarget section */
		4D89165328F3C7F900D2EBB4 /* Instagram */ = {
			isa = PBXNativeTarget;
			buildConfigurationList = 4D89167E28F3C80000D2EBB4 /* Build configuration list for PBXNativeTarget "Instagram" */;
			buildPhases = (
				20220DCBE1FE40E9DBA3FE84 /* [CP] Check Pods Manifest.lock */,
				4D89165028F3C7F900D2EBB4 /* Sources */,
				4D89165128F3C7F900D2EBB4 /* Frameworks */,
				4D89165228F3C7F900D2EBB4 /* Resources */,
				A60837000120C983F8F9E5F3 /* [CP] Embed Pods Frameworks */,
			);
			buildRules = (
			);
			dependencies = (
			);
			name = Instagram;
			productName = Instagram;
			productReference = 4D89165428F3C7FA00D2EBB4 /* Instagram.app */;
			productType = "com.apple.product-type.application";
		};
		4D89166928F3C80000D2EBB4 /* InstagramTests */ = {
			isa = PBXNativeTarget;
			buildConfigurationList = 4D89168128F3C80000D2EBB4 /* Build configuration list for PBXNativeTarget "InstagramTests" */;
			buildPhases = (
				AE39AF1ACDF343D6D0C4FEE5 /* [CP] Check Pods Manifest.lock */,
				4D89166628F3C80000D2EBB4 /* Sources */,
				4D89166728F3C80000D2EBB4 /* Frameworks */,
				4D89166828F3C80000D2EBB4 /* Resources */,
			);
			buildRules = (
			);
			dependencies = (
				4D89166C28F3C80000D2EBB4 /* PBXTargetDependency */,
			);
			name = InstagramTests;
			productName = InstagramTests;
			productReference = 4D89166A28F3C80000D2EBB4 /* InstagramTests.xctest */;
			productType = "com.apple.product-type.bundle.unit-test";
		};
		4D89167328F3C80000D2EBB4 /* InstagramUITests */ = {
			isa = PBXNativeTarget;
			buildConfigurationList = 4D89168428F3C80000D2EBB4 /* Build configuration list for PBXNativeTarget "InstagramUITests" */;
			buildPhases = (
				F7E9C5E3E51DB7D2BC1243F4 /* [CP] Check Pods Manifest.lock */,
				4D89167028F3C80000D2EBB4 /* Sources */,
				4D89167128F3C80000D2EBB4 /* Frameworks */,
				4D89167228F3C80000D2EBB4 /* Resources */,
				76406C260C78B061753B7E4C /* [CP] Embed Pods Frameworks */,
			);
			buildRules = (
			);
			dependencies = (
				4D89167628F3C80000D2EBB4 /* PBXTargetDependency */,
			);
			name = InstagramUITests;
			productName = InstagramUITests;
			productReference = 4D89167428F3C80000D2EBB4 /* InstagramUITests.xctest */;
			productType = "com.apple.product-type.bundle.ui-testing";
		};
/* End PBXNativeTarget section */

/* Begin PBXProject section */
		4D89164C28F3C7F900D2EBB4 /* Project object */ = {
			isa = PBXProject;
			attributes = {
				BuildIndependentTargetsInParallel = 1;
				LastSwiftUpdateCheck = 1340;
				LastUpgradeCheck = 1340;
				TargetAttributes = {
					4D89165328F3C7F900D2EBB4 = {
						CreatedOnToolsVersion = 13.4.1;
					};
					4D89166928F3C80000D2EBB4 = {
						CreatedOnToolsVersion = 13.4.1;
						TestTargetID = 4D89165328F3C7F900D2EBB4;
					};
					4D89167328F3C80000D2EBB4 = {
						CreatedOnToolsVersion = 13.4.1;
						TestTargetID = 4D89165328F3C7F900D2EBB4;
					};
				};
			};
			buildConfigurationList = 4D89164F28F3C7F900D2EBB4 /* Build configuration list for PBXProject "Instagram" */;
			compatibilityVersion = "Xcode 13.0";
			developmentRegion = en;
			hasScannedForEncodings = 0;
			knownRegions = (
				en,
				Base,
			);
			mainGroup = 4D89164B28F3C7F900D2EBB4;
			productRefGroup = 4D89165528F3C7FA00D2EBB4 /* Products */;
			projectDirPath = "";
			projectRoot = "";
			targets = (
				4D89165328F3C7F900D2EBB4 /* Instagram */,
				4D89166928F3C80000D2EBB4 /* InstagramTests */,
				4D89167328F3C80000D2EBB4 /* InstagramUITests */,
			);
		};
/* End PBXProject section */

/* Begin PBXResourcesBuildPhase section */
		4D89165228F3C7F900D2EBB4 /* Resources */ = {
			isa = PBXResourcesBuildPhase;
			buildActionMask = 2147483647;
			files = (
				4D89166428F3C7FF00D2EBB4 /* LaunchScreen.storyboard in Resources */,
				4D89166128F3C7FF00D2EBB4 /* Assets.xcassets in Resources */,
				4D89165F28F3C7FA00D2EBB4 /* Main.storyboard in Resources */,
			);
			runOnlyForDeploymentPostprocessing = 0;
		};
		4D89166828F3C80000D2EBB4 /* Resources */ = {
			isa = PBXResourcesBuildPhase;
			buildActionMask = 2147483647;
			files = (
			);
			runOnlyForDeploymentPostprocessing = 0;
		};
		4D89167228F3C80000D2EBB4 /* Resources */ = {
			isa = PBXResourcesBuildPhase;
			buildActionMask = 2147483647;
			files = (
			);
			runOnlyForDeploymentPostprocessing = 0;
		};
/* End PBXResourcesBuildPhase section */

/* Begin PBXShellScriptBuildPhase section */
		20220DCBE1FE40E9DBA3FE84 /* [CP] Check Pods Manifest.lock */ = {
			isa = PBXShellScriptBuildPhase;
			buildActionMask = 2147483647;
			files = (
			);
			inputFileListPaths = (
			);
			inputPaths = (
				"${PODS_PODFILE_DIR_PATH}/Podfile.lock",
				"${PODS_ROOT}/Manifest.lock",
			);
			name = "[CP] Check Pods Manifest.lock";
			outputFileListPaths = (
			);
			outputPaths = (
				"$(DERIVED_FILE_DIR)/Pods-Instagram-checkManifestLockResult.txt",
			);
			runOnlyForDeploymentPostprocessing = 0;
			shellPath = /bin/sh;
			shellScript = "diff \"${PODS_PODFILE_DIR_PATH}/Podfile.lock\" \"${PODS_ROOT}/Manifest.lock\" > /dev/null\nif [ $? != 0 ] ; then\n    # print error to STDERR\n    echo \"error: The sandbox is not in sync with the Podfile.lock. Run 'pod install' or update your CocoaPods installation.\" >&2\n    exit 1\nfi\n# This output is used by Xcode 'outputs' to avoid re-running this script phase.\necho \"SUCCESS\" > \"${SCRIPT_OUTPUT_FILE_0}\"\n";
			showEnvVarsInLog = 0;
		};
		76406C260C78B061753B7E4C /* [CP] Embed Pods Frameworks */ = {
			isa = PBXShellScriptBuildPhase;
			buildActionMask = 2147483647;
			files = (
			);
			inputFileListPaths = (
				"${PODS_ROOT}/Target Support Files/Pods-Instagram-InstagramUITests/Pods-Instagram-InstagramUITests-frameworks-${CONFIGURATION}-input-files.xcfilelist",
			);
			name = "[CP] Embed Pods Frameworks";
			outputFileListPaths = (
				"${PODS_ROOT}/Target Support Files/Pods-Instagram-InstagramUITests/Pods-Instagram-InstagramUITests-frameworks-${CONFIGURATION}-output-files.xcfilelist",
			);
			runOnlyForDeploymentPostprocessing = 0;
			shellPath = /bin/sh;
			shellScript = "\"${PODS_ROOT}/Target Support Files/Pods-Instagram-InstagramUITests/Pods-Instagram-InstagramUITests-frameworks.sh\"\n";
			showEnvVarsInLog = 0;
		};
		A60837000120C983F8F9E5F3 /* [CP] Embed Pods Frameworks */ = {
			isa = PBXShellScriptBuildPhase;
			buildActionMask = 2147483647;
			files = (
			);
			inputFileListPaths = (
				"${PODS_ROOT}/Target Support Files/Pods-Instagram/Pods-Instagram-frameworks-${CONFIGURATION}-input-files.xcfilelist",
			);
			name = "[CP] Embed Pods Frameworks";
			outputFileListPaths = (
				"${PODS_ROOT}/Target Support Files/Pods-Instagram/Pods-Instagram-frameworks-${CONFIGURATION}-output-files.xcfilelist",
			);
			runOnlyForDeploymentPostprocessing = 0;
			shellPath = /bin/sh;
			shellScript = "\"${PODS_ROOT}/Target Support Files/Pods-Instagram/Pods-Instagram-frameworks.sh\"\n";
			showEnvVarsInLog = 0;
		};
		AE39AF1ACDF343D6D0C4FEE5 /* [CP] Check Pods Manifest.lock */ = {
			isa = PBXShellScriptBuildPhase;
			buildActionMask = 2147483647;
			files = (
			);
			inputFileListPaths = (
			);
			inputPaths = (
				"${PODS_PODFILE_DIR_PATH}/Podfile.lock",
				"${PODS_ROOT}/Manifest.lock",
			);
			name = "[CP] Check Pods Manifest.lock";
			outputFileListPaths = (
			);
			outputPaths = (
				"$(DERIVED_FILE_DIR)/Pods-InstagramTests-checkManifestLockResult.txt",
			);
			runOnlyForDeploymentPostprocessing = 0;
			shellPath = /bin/sh;
			shellScript = "diff \"${PODS_PODFILE_DIR_PATH}/Podfile.lock\" \"${PODS_ROOT}/Manifest.lock\" > /dev/null\nif [ $? != 0 ] ; then\n    # print error to STDERR\n    echo \"error: The sandbox is not in sync with the Podfile.lock. Run 'pod install' or update your CocoaPods installation.\" >&2\n    exit 1\nfi\n# This output is used by Xcode 'outputs' to avoid re-running this script phase.\necho \"SUCCESS\" > \"${SCRIPT_OUTPUT_FILE_0}\"\n";
			showEnvVarsInLog = 0;
		};
		F7E9C5E3E51DB7D2BC1243F4 /* [CP] Check Pods Manifest.lock */ = {
			isa = PBXShellScriptBuildPhase;
			buildActionMask = 2147483647;
			files = (
			);
			inputFileListPaths = (
			);
			inputPaths = (
				"${PODS_PODFILE_DIR_PATH}/Podfile.lock",
				"${PODS_ROOT}/Manifest.lock",
			);
			name = "[CP] Check Pods Manifest.lock";
			outputFileListPaths = (
			);
			outputPaths = (
				"$(DERIVED_FILE_DIR)/Pods-Instagram-InstagramUITests-checkManifestLockResult.txt",
			);
			runOnlyForDeploymentPostprocessing = 0;
			shellPath = /bin/sh;
			shellScript = "diff \"${PODS_PODFILE_DIR_PATH}/Podfile.lock\" \"${PODS_ROOT}/Manifest.lock\" > /dev/null\nif [ $? != 0 ] ; then\n    # print error to STDERR\n    echo \"error: The sandbox is not in sync with the Podfile.lock. Run 'pod install' or update your CocoaPods installation.\" >&2\n    exit 1\nfi\n# This output is used by Xcode 'outputs' to avoid re-running this script phase.\necho \"SUCCESS\" > \"${SCRIPT_OUTPUT_FILE_0}\"\n";
			showEnvVarsInLog = 0;
		};
/* End PBXShellScriptBuildPhase section */

/* Begin PBXSourcesBuildPhase section */
		4D89165028F3C7F900D2EBB4 /* Sources */ = {
			isa = PBXSourcesBuildPhase;
			buildActionMask = 2147483647;
			files = (
				4D89168828F3CEF400D2EBB4 /* LoginViewController.swift in Sources */,
				4D89168E28F3DC9D00D2EBB4 /* CameraViewController.swift in Sources */,
				4D89165828F3C7FA00D2EBB4 /* AppDelegate.swift in Sources */,
				4D89168A28F3CF0100D2EBB4 /* FeedViewController.swift in Sources */,
				4D89165A28F3C7FA00D2EBB4 /* SceneDelegate.swift in Sources */,
				4D89169028F3E6F700D2EBB4 /* PostCell.swift in Sources */,
				4D049C0628FBC96100BF36C0 /* CommentCell.swift in Sources */,
			);
			runOnlyForDeploymentPostprocessing = 0;
		};
		4D89166628F3C80000D2EBB4 /* Sources */ = {
			isa = PBXSourcesBuildPhase;
			buildActionMask = 2147483647;
			files = (
				4D89166F28F3C80000D2EBB4 /* InstagramTests.swift in Sources */,
			);
			runOnlyForDeploymentPostprocessing = 0;
		};
		4D89167028F3C80000D2EBB4 /* Sources */ = {
			isa = PBXSourcesBuildPhase;
			buildActionMask = 2147483647;
			files = (
				4D89167928F3C80000D2EBB4 /* InstagramUITests.swift in Sources */,
				4D89167B28F3C80000D2EBB4 /* InstagramUITestsLaunchTests.swift in Sources */,
			);
			runOnlyForDeploymentPostprocessing = 0;
		};
/* End PBXSourcesBuildPhase section */

/* Begin PBXTargetDependency section */
		4D89166C28F3C80000D2EBB4 /* PBXTargetDependency */ = {
			isa = PBXTargetDependency;
			target = 4D89165328F3C7F900D2EBB4 /* Instagram */;
			targetProxy = 4D89166B28F3C80000D2EBB4 /* PBXContainerItemProxy */;
		};
		4D89167628F3C80000D2EBB4 /* PBXTargetDependency */ = {
			isa = PBXTargetDependency;
			target = 4D89165328F3C7F900D2EBB4 /* Instagram */;
			targetProxy = 4D89167528F3C80000D2EBB4 /* PBXContainerItemProxy */;
		};
/* End PBXTargetDependency section */

/* Begin PBXVariantGroup section */
		4D89165D28F3C7FA00D2EBB4 /* Main.storyboard */ = {
			isa = PBXVariantGroup;
			children = (
				4D89165E28F3C7FA00D2EBB4 /* Base */,
			);
			name = Main.storyboard;
			sourceTree = "<group>";
		};
		4D89166228F3C7FF00D2EBB4 /* LaunchScreen.storyboard */ = {
			isa = PBXVariantGroup;
			children = (
				4D89166328F3C7FF00D2EBB4 /* Base */,
			);
			name = LaunchScreen.storyboard;
			sourceTree = "<group>";
		};
/* End PBXVariantGroup section */

/* Begin XCBuildConfiguration section */
		4D89167C28F3C80000D2EBB4 /* Debug */ = {
			isa = XCBuildConfiguration;
			buildSettings = {
				ALWAYS_SEARCH_USER_PATHS = NO;
				CLANG_ANALYZER_NONNULL = YES;
				CLANG_ANALYZER_NUMBER_OBJECT_CONVERSION = YES_AGGRESSIVE;
				CLANG_CXX_LANGUAGE_STANDARD = "gnu++17";
				CLANG_ENABLE_MODULES = YES;
				CLANG_ENABLE_OBJC_ARC = YES;
				CLANG_ENABLE_OBJC_WEAK = YES;
				CLANG_WARN_BLOCK_CAPTURE_AUTORELEASING = YES;
				CLANG_WARN_BOOL_CONVERSION = YES;
				CLANG_WARN_COMMA = YES;
				CLANG_WARN_CONSTANT_CONVERSION = YES;
				CLANG_WARN_DEPRECATED_OBJC_IMPLEMENTATIONS = YES;
				CLANG_WARN_DIRECT_OBJC_ISA_USAGE = YES_ERROR;
				CLANG_WARN_DOCUMENTATION_COMMENTS = YES;
				CLANG_WARN_EMPTY_BODY = YES;
				CLANG_WARN_ENUM_CONVERSION = YES;
				CLANG_WARN_INFINITE_RECURSION = YES;
				CLANG_WARN_INT_CONVERSION = YES;
				CLANG_WARN_NON_LITERAL_NULL_CONVERSION = YES;
				CLANG_WARN_OBJC_IMPLICIT_RETAIN_SELF = YES;
				CLANG_WARN_OBJC_LITERAL_CONVERSION = YES;
				CLANG_WARN_OBJC_ROOT_CLASS = YES_ERROR;
				CLANG_WARN_QUOTED_INCLUDE_IN_FRAMEWORK_HEADER = YES;
				CLANG_WARN_RANGE_LOOP_ANALYSIS = YES;
				CLANG_WARN_STRICT_PROTOTYPES = YES;
				CLANG_WARN_SUSPICIOUS_MOVE = YES;
				CLANG_WARN_UNGUARDED_AVAILABILITY = YES_AGGRESSIVE;
				CLANG_WARN_UNREACHABLE_CODE = YES;
				CLANG_WARN__DUPLICATE_METHOD_MATCH = YES;
				COPY_PHASE_STRIP = NO;
				DEBUG_INFORMATION_FORMAT = dwarf;
				ENABLE_STRICT_OBJC_MSGSEND = YES;
				ENABLE_TESTABILITY = YES;
				GCC_C_LANGUAGE_STANDARD = gnu11;
				GCC_DYNAMIC_NO_PIC = NO;
				GCC_NO_COMMON_BLOCKS = YES;
				GCC_OPTIMIZATION_LEVEL = 0;
				GCC_PREPROCESSOR_DEFINITIONS = (
					"DEBUG=1",
					"$(inherited)",
				);
				GCC_WARN_64_TO_32_BIT_CONVERSION = YES;
				GCC_WARN_ABOUT_RETURN_TYPE = YES_ERROR;
				GCC_WARN_UNDECLARED_SELECTOR = YES;
				GCC_WARN_UNINITIALIZED_AUTOS = YES_AGGRESSIVE;
				GCC_WARN_UNUSED_FUNCTION = YES;
				GCC_WARN_UNUSED_VARIABLE = YES;
				IPHONEOS_DEPLOYMENT_TARGET = 15.5;
				MTL_ENABLE_DEBUG_INFO = INCLUDE_SOURCE;
				MTL_FAST_MATH = YES;
				ONLY_ACTIVE_ARCH = YES;
				SDKROOT = iphoneos;
				SWIFT_ACTIVE_COMPILATION_CONDITIONS = DEBUG;
				SWIFT_OPTIMIZATION_LEVEL = "-Onone";
			};
			name = Debug;
		};
		4D89167D28F3C80000D2EBB4 /* Release */ = {
			isa = XCBuildConfiguration;
			buildSettings = {
				ALWAYS_SEARCH_USER_PATHS = NO;
				CLANG_ANALYZER_NONNULL = YES;
				CLANG_ANALYZER_NUMBER_OBJECT_CONVERSION = YES_AGGRESSIVE;
				CLANG_CXX_LANGUAGE_STANDARD = "gnu++17";
				CLANG_ENABLE_MODULES = YES;
				CLANG_ENABLE_OBJC_ARC = YES;
				CLANG_ENABLE_OBJC_WEAK = YES;
				CLANG_WARN_BLOCK_CAPTURE_AUTORELEASING = YES;
				CLANG_WARN_BOOL_CONVERSION = YES;
				CLANG_WARN_COMMA = YES;
				CLANG_WARN_CONSTANT_CONVERSION = YES;
				CLANG_WARN_DEPRECATED_OBJC_IMPLEMENTATIONS = YES;
				CLANG_WARN_DIRECT_OBJC_ISA_USAGE = YES_ERROR;
				CLANG_WARN_DOCUMENTATION_COMMENTS = YES;
				CLANG_WARN_EMPTY_BODY = YES;
				CLANG_WARN_ENUM_CONVERSION = YES;
				CLANG_WARN_INFINITE_RECURSION = YES;
				CLANG_WARN_INT_CONVERSION = YES;
				CLANG_WARN_NON_LITERAL_NULL_CONVERSION = YES;
				CLANG_WARN_OBJC_IMPLICIT_RETAIN_SELF = YES;
				CLANG_WARN_OBJC_LITERAL_CONVERSION = YES;
				CLANG_WARN_OBJC_ROOT_CLASS = YES_ERROR;
				CLANG_WARN_QUOTED_INCLUDE_IN_FRAMEWORK_HEADER = YES;
				CLANG_WARN_RANGE_LOOP_ANALYSIS = YES;
				CLANG_WARN_STRICT_PROTOTYPES = YES;
				CLANG_WARN_SUSPICIOUS_MOVE = YES;
				CLANG_WARN_UNGUARDED_AVAILABILITY = YES_AGGRESSIVE;
				CLANG_WARN_UNREACHABLE_CODE = YES;
				CLANG_WARN__DUPLICATE_METHOD_MATCH = YES;
				COPY_PHASE_STRIP = NO;
				DEBUG_INFORMATION_FORMAT = "dwarf-with-dsym";
				ENABLE_NS_ASSERTIONS = NO;
				ENABLE_STRICT_OBJC_MSGSEND = YES;
				GCC_C_LANGUAGE_STANDARD = gnu11;
				GCC_NO_COMMON_BLOCKS = YES;
				GCC_WARN_64_TO_32_BIT_CONVERSION = YES;
				GCC_WARN_ABOUT_RETURN_TYPE = YES_ERROR;
				GCC_WARN_UNDECLARED_SELECTOR = YES;
				GCC_WARN_UNINITIALIZED_AUTOS = YES_AGGRESSIVE;
				GCC_WARN_UNUSED_FUNCTION = YES;
				GCC_WARN_UNUSED_VARIABLE = YES;
				IPHONEOS_DEPLOYMENT_TARGET = 15.5;
				MTL_ENABLE_DEBUG_INFO = NO;
				MTL_FAST_MATH = YES;
				SDKROOT = iphoneos;
				SWIFT_COMPILATION_MODE = wholemodule;
				SWIFT_OPTIMIZATION_LEVEL = "-O";
				VALIDATE_PRODUCT = YES;
			};
			name = Release;
		};
		4D89167F28F3C80000D2EBB4 /* Debug */ = {
			isa = XCBuildConfiguration;
			baseConfigurationReference = 767224B7C125146255F26263 /* Pods-Instagram.debug.xcconfig */;
			buildSettings = {
				ASSETCATALOG_COMPILER_APPICON_NAME = AppIcon;
				ASSETCATALOG_COMPILER_GLOBAL_ACCENT_COLOR_NAME = AccentColor;
				CODE_SIGN_STYLE = Automatic;
				CURRENT_PROJECT_VERSION = 1;
				DEVELOPMENT_TEAM = 46UCL32KKF;
				GENERATE_INFOPLIST_FILE = YES;
				INFOPLIST_FILE = Instagram/Info.plist;
				INFOPLIST_KEY_UIApplicationSupportsIndirectInputEvents = YES;
				INFOPLIST_KEY_UILaunchStoryboardName = LaunchScreen;
				INFOPLIST_KEY_UIMainStoryboardFile = Main;
				INFOPLIST_KEY_UISupportedInterfaceOrientations_iPad = "UIInterfaceOrientationPortrait UIInterfaceOrientationPortraitUpsideDown UIInterfaceOrientationLandscapeLeft UIInterfaceOrientationLandscapeRight";
				INFOPLIST_KEY_UISupportedInterfaceOrientations_iPhone = "UIInterfaceOrientationPortrait UIInterfaceOrientationLandscapeLeft UIInterfaceOrientationLandscapeRight";
				LD_RUNPATH_SEARCH_PATHS = (
					"$(inherited)",
					"@executable_path/Frameworks",
				);
				MARKETING_VERSION = 1.0;
				PRODUCT_BUNDLE_IDENTIFIER = com.aisaac2225.Instagram;
				PRODUCT_NAME = "$(TARGET_NAME)";
				SWIFT_EMIT_LOC_STRINGS = YES;
				SWIFT_VERSION = 5.0;
				TARGETED_DEVICE_FAMILY = "1,2";
			};
			name = Debug;
		};
		4D89168028F3C80000D2EBB4 /* Release */ = {
			isa = XCBuildConfiguration;
			baseConfigurationReference = 9173B93F1DAA4A70C8DCF086 /* Pods-Instagram.release.xcconfig */;
			buildSettings = {
				ASSETCATALOG_COMPILER_APPICON_NAME = AppIcon;
				ASSETCATALOG_COMPILER_GLOBAL_ACCENT_COLOR_NAME = AccentColor;
				CODE_SIGN_STYLE = Automatic;
				CURRENT_PROJECT_VERSION = 1;
				DEVELOPMENT_TEAM = 46UCL32KKF;
				GENERATE_INFOPLIST_FILE = YES;
				INFOPLIST_FILE = Instagram/Info.plist;
				INFOPLIST_KEY_UIApplicationSupportsIndirectInputEvents = YES;
				INFOPLIST_KEY_UILaunchStoryboardName = LaunchScreen;
				INFOPLIST_KEY_UIMainStoryboardFile = Main;
				INFOPLIST_KEY_UISupportedInterfaceOrientations_iPad = "UIInterfaceOrientationPortrait UIInterfaceOrientationPortraitUpsideDown UIInterfaceOrientationLandscapeLeft UIInterfaceOrientationLandscapeRight";
				INFOPLIST_KEY_UISupportedInterfaceOrientations_iPhone = "UIInterfaceOrientationPortrait UIInterfaceOrientationLandscapeLeft UIInterfaceOrientationLandscapeRight";
				LD_RUNPATH_SEARCH_PATHS = (
					"$(inherited)",
					"@executable_path/Frameworks",
				);
				MARKETING_VERSION = 1.0;
				PRODUCT_BUNDLE_IDENTIFIER = com.aisaac2225.Instagram;
				PRODUCT_NAME = "$(TARGET_NAME)";
				SWIFT_EMIT_LOC_STRINGS = YES;
				SWIFT_VERSION = 5.0;
				TARGETED_DEVICE_FAMILY = "1,2";
			};
			name = Release;
		};
		4D89168228F3C80000D2EBB4 /* Debug */ = {
			isa = XCBuildConfiguration;
			baseConfigurationReference = B700E2950BA045E5F89A7200 /* Pods-InstagramTests.debug.xcconfig */;
			buildSettings = {
				ALWAYS_EMBED_SWIFT_STANDARD_LIBRARIES = YES;
				BUNDLE_LOADER = "$(TEST_HOST)";
				CODE_SIGN_STYLE = Automatic;
				CURRENT_PROJECT_VERSION = 1;
				DEVELOPMENT_TEAM = 46UCL32KKF;
				GENERATE_INFOPLIST_FILE = YES;
				IPHONEOS_DEPLOYMENT_TARGET = 15.5;
				MARKETING_VERSION = 1.0;
				PRODUCT_BUNDLE_IDENTIFIER = com.aisaac2225.InstagramTests;
				PRODUCT_NAME = "$(TARGET_NAME)";
				SWIFT_EMIT_LOC_STRINGS = NO;
				SWIFT_VERSION = 5.0;
				TARGETED_DEVICE_FAMILY = "1,2";
				TEST_HOST = "$(BUILT_PRODUCTS_DIR)/Instagram.app/Instagram";
			};
			name = Debug;
		};
		4D89168328F3C80000D2EBB4 /* Release */ = {
			isa = XCBuildConfiguration;
			baseConfigurationReference = 0FE104C1F888E47414CC6805 /* Pods-InstagramTests.release.xcconfig */;
			buildSettings = {
				ALWAYS_EMBED_SWIFT_STANDARD_LIBRARIES = YES;
				BUNDLE_LOADER = "$(TEST_HOST)";
				CODE_SIGN_STYLE = Automatic;
				CURRENT_PROJECT_VERSION = 1;
				DEVELOPMENT_TEAM = 46UCL32KKF;
				GENERATE_INFOPLIST_FILE = YES;
				IPHONEOS_DEPLOYMENT_TARGET = 15.5;
				MARKETING_VERSION = 1.0;
				PRODUCT_BUNDLE_IDENTIFIER = com.aisaac2225.InstagramTests;
				PRODUCT_NAME = "$(TARGET_NAME)";
				SWIFT_EMIT_LOC_STRINGS = NO;
				SWIFT_VERSION = 5.0;
				TARGETED_DEVICE_FAMILY = "1,2";
				TEST_HOST = "$(BUILT_PRODUCTS_DIR)/Instagram.app/Instagram";
			};
			name = Release;
		};
		4D89168528F3C80000D2EBB4 /* Debug */ = {
			isa = XCBuildConfiguration;
			baseConfigurationReference = AFADA7816C3B047EE34C59A8 /* Pods-Instagram-InstagramUITests.debug.xcconfig */;
			buildSettings = {
				ALWAYS_EMBED_SWIFT_STANDARD_LIBRARIES = YES;
				CODE_SIGN_STYLE = Automatic;
				CURRENT_PROJECT_VERSION = 1;
				DEVELOPMENT_TEAM = 46UCL32KKF;
				GENERATE_INFOPLIST_FILE = YES;
				MARKETING_VERSION = 1.0;
				PRODUCT_BUNDLE_IDENTIFIER = com.aisaac2225.InstagramUITests;
				PRODUCT_NAME = "$(TARGET_NAME)";
				SWIFT_EMIT_LOC_STRINGS = NO;
				SWIFT_VERSION = 5.0;
				TARGETED_DEVICE_FAMILY = "1,2";
				TEST_TARGET_NAME = Instagram;
			};
			name = Debug;
		};
		4D89168628F3C80000D2EBB4 /* Release */ = {
			isa = XCBuildConfiguration;
			baseConfigurationReference = 5DB1200344AB8BBFEC5D72EE /* Pods-Instagram-InstagramUITests.release.xcconfig */;
			buildSettings = {
				ALWAYS_EMBED_SWIFT_STANDARD_LIBRARIES = YES;
				CODE_SIGN_STYLE = Automatic;
				CURRENT_PROJECT_VERSION = 1;
				DEVELOPMENT_TEAM = 46UCL32KKF;
				GENERATE_INFOPLIST_FILE = YES;
				MARKETING_VERSION = 1.0;
				PRODUCT_BUNDLE_IDENTIFIER = com.aisaac2225.InstagramUITests;
				PRODUCT_NAME = "$(TARGET_NAME)";
				SWIFT_EMIT_LOC_STRINGS = NO;
				SWIFT_VERSION = 5.0;
				TARGETED_DEVICE_FAMILY = "1,2";
				TEST_TARGET_NAME = Instagram;
			};
			name = Release;
		};
/* End XCBuildConfiguration section */

/* Begin XCConfigurationList section */
		4D89164F28F3C7F900D2EBB4 /* Build configuration list for PBXProject "Instagram" */ = {
			isa = XCConfigurationList;
			buildConfigurations = (
				4D89167C28F3C80000D2EBB4 /* Debug */,
				4D89167D28F3C80000D2EBB4 /* Release */,
			);
			defaultConfigurationIsVisible = 0;
			defaultConfigurationName = Release;
		};
		4D89167E28F3C80000D2EBB4 /* Build configuration list for PBXNativeTarget "Instagram" */ = {
			isa = XCConfigurationList;
			buildConfigurations = (
				4D89167F28F3C80000D2EBB4 /* Debug */,
				4D89168028F3C80000D2EBB4 /* Release */,
			);
			defaultConfigurationIsVisible = 0;
			defaultConfigurationName = Release;
		};
		4D89168128F3C80000D2EBB4 /* Build configuration list for PBXNativeTarget "InstagramTests" */ = {
			isa = XCConfigurationList;
			buildConfigurations = (
				4D89168228F3C80000D2EBB4 /* Debug */,
				4D89168328F3C80000D2EBB4 /* Release */,
			);
			defaultConfigurationIsVisible = 0;
			defaultConfigurationName = Release;
		};
		4D89168428F3C80000D2EBB4 /* Build configuration list for PBXNativeTarget "InstagramUITests" */ = {
			isa = XCConfigurationList;
			buildConfigurations = (
				4D89168528F3C80000D2EBB4 /* Debug */,
				4D89168628F3C80000D2EBB4 /* Release */,
			);
			defaultConfigurationIsVisible = 0;
			defaultConfigurationName = Release;
		};
/* End XCConfigurationList section */
	};
	rootObject = 4D89164C28F3C7F900D2EBB4 /* Project object */;
}
